// !$*UTF8*$!
{
	archiveVersion = 1;
	classes = {
	};
	objectVersion = 56;
	objects = {

/* Begin PBXBuildFile section */
		F30EC05C2A5D75BC0012C4AA /* ScrechKit.docc in Sources */ = {isa = PBXBuildFile; fileRef = F30EC05B2A5D75BC0012C4AA /* ScrechKit.docc */; };
		F30EC0622A5D75BC0012C4AA /* ScrechKit.framework in Frameworks */ = {isa = PBXBuildFile; fileRef = F30EC0572A5D75BC0012C4AA /* ScrechKit.framework */; };
		F30EC0672A5D75BC0012C4AA /* ScrechKitTests.swift in Sources */ = {isa = PBXBuildFile; fileRef = F30EC0662A5D75BC0012C4AA /* ScrechKitTests.swift */; };
		F30EC0682A5D75BC0012C4AA /* ScrechKit.h in Headers */ = {isa = PBXBuildFile; fileRef = F30EC05A2A5D75BC0012C4AA /* ScrechKit.h */; settings = {ATTRIBUTES = (Public, ); }; };
		F30FDA6B2A5D8687006867F7 /* Tightening.swift in Sources */ = {isa = PBXBuildFile; fileRef = F30FDA662A5D8687006867F7 /* Tightening.swift */; };
		F30FDA6C2A5D8687006867F7 /* Font Size.swift in Sources */ = {isa = PBXBuildFile; fileRef = F30FDA672A5D8687006867F7 /* Font Size.swift */; };
		F30FDA6D2A5D8687006867F7 /* Font Weight.swift in Sources */ = {isa = PBXBuildFile; fileRef = F30FDA682A5D8687006867F7 /* Font Weight.swift */; };
		F30FDA6E2A5D8687006867F7 /* Fonts.swift in Sources */ = {isa = PBXBuildFile; fileRef = F30FDA692A5D8687006867F7 /* Fonts.swift */; };
		F30FDA6F2A5D8687006867F7 /* Font Design.swift in Sources */ = {isa = PBXBuildFile; fileRef = F30FDA6A2A5D8687006867F7 /* Font Design.swift */; };
		F30FDA8E2A5D86AB006867F7 /* Camera Picker.swift in Sources */ = {isa = PBXBuildFile; fileRef = F30FDA702A5D86AA006867F7 /* Camera Picker.swift */; };
		F30FDA8F2A5D86AB006867F7 /* formatBytes.swift in Sources */ = {isa = PBXBuildFile; fileRef = F30FDA712A5D86AA006867F7 /* formatBytes.swift */; };
		F30FDA902A5D86AB006867F7 /* ListButton.swift in Sources */ = {isa = PBXBuildFile; fileRef = F30FDA722A5D86AA006867F7 /* ListButton.swift */; };
		F30FDA912A5D86AB006867F7 /* Shapes.swift in Sources */ = {isa = PBXBuildFile; fileRef = F30FDA732A5D86AA006867F7 /* Shapes.swift */; };
		F30FDA9B2A5D86AB006867F7 /* Color.swift in Sources */ = {isa = PBXBuildFile; fileRef = F30FDA7E2A5D86AB006867F7 /* Color.swift */; };
		F30FDA9C2A5D86AB006867F7 /* formatDate.swift in Sources */ = {isa = PBXBuildFile; fileRef = F30FDA7F2A5D86AB006867F7 /* formatDate.swift */; };
		F30FDA9D2A5D86AB006867F7 /* Redacted.swift in Sources */ = {isa = PBXBuildFile; fileRef = F30FDA802A5D86AB006867F7 /* Redacted.swift */; };
		F30FDA9E2A5D86AB006867F7 /* getMimeType.swift in Sources */ = {isa = PBXBuildFile; fileRef = F30FDA812A5D86AB006867F7 /* getMimeType.swift */; };
		F30FDA9F2A5D86AB006867F7 /* ListLink.swift in Sources */ = {isa = PBXBuildFile; fileRef = F30FDA822A5D86AB006867F7 /* ListLink.swift */; };
		F30FDAA02A5D86AB006867F7 /* Percent Encoding.swift in Sources */ = {isa = PBXBuildFile; fileRef = F30FDA832A5D86AB006867F7 /* Percent Encoding.swift */; };
		F30FDAA12A5D86AB006867F7 /* PulseButton.swift in Sources */ = {isa = PBXBuildFile; fileRef = F30FDA842A5D86AB006867F7 /* PulseButton.swift */; };
		F30FDAA22A5D86AB006867F7 /* Scheme.swift in Sources */ = {isa = PBXBuildFile; fileRef = F30FDA852A5D86AB006867F7 /* Scheme.swift */; };
		F30FDAA32A5D86AB006867F7 /* ListParameter.swift in Sources */ = {isa = PBXBuildFile; fileRef = F30FDA862A5D86AB006867F7 /* ListParameter.swift */; };
		F30FDAA42A5D86AB006867F7 /* Image Picker.swift in Sources */ = {isa = PBXBuildFile; fileRef = F30FDA872A5D86AB006867F7 /* Image Picker.swift */; };
		F30FDAA52A5D86AB006867F7 /* Sheet.swift in Sources */ = {isa = PBXBuildFile; fileRef = F30FDA882A5D86AB006867F7 /* Sheet.swift */; };
		F30FDAA62A5D86AB006867F7 /* asUIImage.swift in Sources */ = {isa = PBXBuildFile; fileRef = F30FDA892A5D86AB006867F7 /* asUIImage.swift */; };
		F30FDAA72A5D86AB006867F7 /* MenuButton.swift in Sources */ = {isa = PBXBuildFile; fileRef = F30FDA8A2A5D86AB006867F7 /* MenuButton.swift */; };
		F30FDAA82A5D86AB006867F7 /* SFButton.swift in Sources */ = {isa = PBXBuildFile; fileRef = F30FDA8B2A5D86AB006867F7 /* SFButton.swift */; };
		F30FDAA92A5D86AB006867F7 /* Matched Effect.swift in Sources */ = {isa = PBXBuildFile; fileRef = F30FDA8C2A5D86AB006867F7 /* Matched Effect.swift */; };
		F30FDAAA2A5D86AB006867F7 /* Dispatch.swift in Sources */ = {isa = PBXBuildFile; fileRef = F30FDA8D2A5D86AB006867F7 /* Dispatch.swift */; };
/* End PBXBuildFile section */

/* Begin PBXContainerItemProxy section */
		F30EC0632A5D75BC0012C4AA /* PBXContainerItemProxy */ = {
			isa = PBXContainerItemProxy;
			containerPortal = F30EC04E2A5D75BC0012C4AA /* Project object */;
			proxyType = 1;
			remoteGlobalIDString = F30EC0562A5D75BC0012C4AA;
			remoteInfo = ScrechKit;
		};
/* End PBXContainerItemProxy section */

/* Begin PBXFileReference section */
		F30EC0572A5D75BC0012C4AA /* ScrechKit.framework */ = {isa = PBXFileReference; explicitFileType = wrapper.framework; includeInIndex = 0; path = ScrechKit.framework; sourceTree = BUILT_PRODUCTS_DIR; };
		F30EC05A2A5D75BC0012C4AA /* ScrechKit.h */ = {isa = PBXFileReference; lastKnownFileType = sourcecode.c.h; path = ScrechKit.h; sourceTree = "<group>"; };
		F30EC05B2A5D75BC0012C4AA /* ScrechKit.docc */ = {isa = PBXFileReference; lastKnownFileType = folder.documentationcatalog; path = ScrechKit.docc; sourceTree = "<group>"; };
		F30EC0612A5D75BC0012C4AA /* ScrechKitTests.xctest */ = {isa = PBXFileReference; explicitFileType = wrapper.cfbundle; includeInIndex = 0; path = ScrechKitTests.xctest; sourceTree = BUILT_PRODUCTS_DIR; };
		F30EC0662A5D75BC0012C4AA /* ScrechKitTests.swift */ = {isa = PBXFileReference; lastKnownFileType = sourcecode.swift; path = ScrechKitTests.swift; sourceTree = "<group>"; };
		F30FDA662A5D8687006867F7 /* Tightening.swift */ = {isa = PBXFileReference; fileEncoding = 4; lastKnownFileType = sourcecode.swift; path = Tightening.swift; sourceTree = "<group>"; };
		F30FDA672A5D8687006867F7 /* Font Size.swift */ = {isa = PBXFileReference; fileEncoding = 4; lastKnownFileType = sourcecode.swift; path = "Font Size.swift"; sourceTree = "<group>"; };
		F30FDA682A5D8687006867F7 /* Font Weight.swift */ = {isa = PBXFileReference; fileEncoding = 4; lastKnownFileType = sourcecode.swift; path = "Font Weight.swift"; sourceTree = "<group>"; };
		F30FDA692A5D8687006867F7 /* Fonts.swift */ = {isa = PBXFileReference; fileEncoding = 4; lastKnownFileType = sourcecode.swift; path = Fonts.swift; sourceTree = "<group>"; };
		F30FDA6A2A5D8687006867F7 /* Font Design.swift */ = {isa = PBXFileReference; fileEncoding = 4; lastKnownFileType = sourcecode.swift; path = "Font Design.swift"; sourceTree = "<group>"; };
		F30FDA702A5D86AA006867F7 /* Camera Picker.swift */ = {isa = PBXFileReference; fileEncoding = 4; lastKnownFileType = sourcecode.swift; path = "Camera Picker.swift"; sourceTree = "<group>"; };
		F30FDA712A5D86AA006867F7 /* formatBytes.swift */ = {isa = PBXFileReference; fileEncoding = 4; lastKnownFileType = sourcecode.swift; path = formatBytes.swift; sourceTree = "<group>"; };
		F30FDA722A5D86AA006867F7 /* ListButton.swift */ = {isa = PBXFileReference; fileEncoding = 4; lastKnownFileType = sourcecode.swift; path = ListButton.swift; sourceTree = "<group>"; };
		F30FDA732A5D86AA006867F7 /* Shapes.swift */ = {isa = PBXFileReference; fileEncoding = 4; lastKnownFileType = sourcecode.swift; path = Shapes.swift; sourceTree = "<group>"; };
		F30FDA7E2A5D86AB006867F7 /* Color.swift */ = {isa = PBXFileReference; fileEncoding = 4; lastKnownFileType = sourcecode.swift; path = Color.swift; sourceTree = "<group>"; };
		F30FDA7F2A5D86AB006867F7 /* formatDate.swift */ = {isa = PBXFileReference; fileEncoding = 4; lastKnownFileType = sourcecode.swift; path = formatDate.swift; sourceTree = "<group>"; };
		F30FDA802A5D86AB006867F7 /* Redacted.swift */ = {isa = PBXFileReference; fileEncoding = 4; lastKnownFileType = sourcecode.swift; path = Redacted.swift; sourceTree = "<group>"; };
		F30FDA812A5D86AB006867F7 /* getMimeType.swift */ = {isa = PBXFileReference; fileEncoding = 4; lastKnownFileType = sourcecode.swift; path = getMimeType.swift; sourceTree = "<group>"; };
		F30FDA822A5D86AB006867F7 /* ListLink.swift */ = {isa = PBXFileReference; fileEncoding = 4; lastKnownFileType = sourcecode.swift; path = ListLink.swift; sourceTree = "<group>"; };
		F30FDA832A5D86AB006867F7 /* Percent Encoding.swift */ = {isa = PBXFileReference; fileEncoding = 4; lastKnownFileType = sourcecode.swift; path = "Percent Encoding.swift"; sourceTree = "<group>"; };
		F30FDA842A5D86AB006867F7 /* PulseButton.swift */ = {isa = PBXFileReference; fileEncoding = 4; lastKnownFileType = sourcecode.swift; path = PulseButton.swift; sourceTree = "<group>"; };
		F30FDA852A5D86AB006867F7 /* Scheme.swift */ = {isa = PBXFileReference; fileEncoding = 4; lastKnownFileType = sourcecode.swift; path = Scheme.swift; sourceTree = "<group>"; };
		F30FDA862A5D86AB006867F7 /* ListParameter.swift */ = {isa = PBXFileReference; fileEncoding = 4; lastKnownFileType = sourcecode.swift; path = ListParameter.swift; sourceTree = "<group>"; };
		F30FDA872A5D86AB006867F7 /* Image Picker.swift */ = {isa = PBXFileReference; fileEncoding = 4; lastKnownFileType = sourcecode.swift; path = "Image Picker.swift"; sourceTree = "<group>"; };
		F30FDA882A5D86AB006867F7 /* Sheet.swift */ = {isa = PBXFileReference; fileEncoding = 4; lastKnownFileType = sourcecode.swift; path = Sheet.swift; sourceTree = "<group>"; };
		F30FDA892A5D86AB006867F7 /* asUIImage.swift */ = {isa = PBXFileReference; fileEncoding = 4; lastKnownFileType = sourcecode.swift; path = asUIImage.swift; sourceTree = "<group>"; };
		F30FDA8A2A5D86AB006867F7 /* MenuButton.swift */ = {isa = PBXFileReference; fileEncoding = 4; lastKnownFileType = sourcecode.swift; path = MenuButton.swift; sourceTree = "<group>"; };
		F30FDA8B2A5D86AB006867F7 /* SFButton.swift */ = {isa = PBXFileReference; fileEncoding = 4; lastKnownFileType = sourcecode.swift; path = SFButton.swift; sourceTree = "<group>"; };
		F30FDA8C2A5D86AB006867F7 /* Matched Effect.swift */ = {isa = PBXFileReference; fileEncoding = 4; lastKnownFileType = sourcecode.swift; path = "Matched Effect.swift"; sourceTree = "<group>"; };
		F30FDA8D2A5D86AB006867F7 /* Dispatch.swift */ = {isa = PBXFileReference; fileEncoding = 4; lastKnownFileType = sourcecode.swift; path = Dispatch.swift; sourceTree = "<group>"; };
		F3D6D9182A5D92AD00E56106 /* Package.swift */ = {isa = PBXFileReference; fileEncoding = 4; lastKnownFileType = sourcecode.swift; path = Package.swift; sourceTree = "<group>"; };
/* End PBXFileReference section */

/* Begin PBXFrameworksBuildPhase section */
		F30EC0542A5D75BC0012C4AA /* Frameworks */ = {
			isa = PBXFrameworksBuildPhase;
			buildActionMask = 2147483647;
			files = (
			);
			runOnlyForDeploymentPostprocessing = 0;
		};
		F30EC05E2A5D75BC0012C4AA /* Frameworks */ = {
			isa = PBXFrameworksBuildPhase;
			buildActionMask = 2147483647;
			files = (
				F30EC0622A5D75BC0012C4AA /* ScrechKit.framework in Frameworks */,
			);
			runOnlyForDeploymentPostprocessing = 0;
		};
/* End PBXFrameworksBuildPhase section */

/* Begin PBXGroup section */
		F30EC04D2A5D75BC0012C4AA = {
			isa = PBXGroup;
			children = (
				F3D6D9182A5D92AD00E56106 /* Package.swift */,
				F30EC0592A5D75BC0012C4AA /* ScrechKit */,
				F30EC0652A5D75BC0012C4AA /* ScrechKitTests */,
				F30EC0582A5D75BC0012C4AA /* Products */,
			);
			sourceTree = "<group>";
		};
		F30EC0582A5D75BC0012C4AA /* Products */ = {
			isa = PBXGroup;
			children = (
				F30EC0572A5D75BC0012C4AA /* ScrechKit.framework */,
				F30EC0612A5D75BC0012C4AA /* ScrechKitTests.xctest */,
			);
			name = Products;
			sourceTree = "<group>";
		};
		F30EC0592A5D75BC0012C4AA /* ScrechKit */ = {
			isa = PBXGroup;
			children = (
				F30EC05A2A5D75BC0012C4AA /* ScrechKit.h */,
				F30EC05B2A5D75BC0012C4AA /* ScrechKit.docc */,
				F30FDA652A5D8687006867F7 /* Font */,
				F30FDA892A5D86AB006867F7 /* asUIImage.swift */,
				F30FDA702A5D86AA006867F7 /* Camera Picker.swift */,
				F30FDA7E2A5D86AB006867F7 /* Color.swift */,
				F30FDA8D2A5D86AB006867F7 /* Dispatch.swift */,
				F30FDA712A5D86AA006867F7 /* formatBytes.swift */,
				F30FDA7F2A5D86AB006867F7 /* formatDate.swift */,
				F30FDA812A5D86AB006867F7 /* getMimeType.swift */,
				F30FDA872A5D86AB006867F7 /* Image Picker.swift */,
				F30FDA722A5D86AA006867F7 /* ListButton.swift */,
				F30FDA822A5D86AB006867F7 /* ListLink.swift */,
				F30FDA862A5D86AB006867F7 /* ListParameter.swift */,
				F30FDA8C2A5D86AB006867F7 /* Matched Effect.swift */,
				F30FDA8A2A5D86AB006867F7 /* MenuButton.swift */,
				F30FDA832A5D86AB006867F7 /* Percent Encoding.swift */,
				F30FDA842A5D86AB006867F7 /* PulseButton.swift */,
				F30FDA802A5D86AB006867F7 /* Redacted.swift */,
				F30FDA852A5D86AB006867F7 /* Scheme.swift */,
				F30FDA8B2A5D86AB006867F7 /* SFButton.swift */,
				F30FDA732A5D86AA006867F7 /* Shapes.swift */,
				F30FDA882A5D86AB006867F7 /* Sheet.swift */,
			);
			path = ScrechKit;
			sourceTree = "<group>";
		};
		F30EC0652A5D75BC0012C4AA /* ScrechKitTests */ = {
			isa = PBXGroup;
			children = (
				F30EC0662A5D75BC0012C4AA /* ScrechKitTests.swift */,
			);
			path = ScrechKitTests;
			sourceTree = "<group>";
		};
		F30FDA652A5D8687006867F7 /* Font */ = {
			isa = PBXGroup;
			children = (
				F30FDA662A5D8687006867F7 /* Tightening.swift */,
				F30FDA672A5D8687006867F7 /* Font Size.swift */,
				F30FDA682A5D8687006867F7 /* Font Weight.swift */,
				F30FDA692A5D8687006867F7 /* Fonts.swift */,
				F30FDA6A2A5D8687006867F7 /* Font Design.swift */,
			);
			path = Font;
			sourceTree = "<group>";
		};
/* End PBXGroup section */

/* Begin PBXHeadersBuildPhase section */
		F30EC0522A5D75BC0012C4AA /* Headers */ = {
			isa = PBXHeadersBuildPhase;
			buildActionMask = 2147483647;
			files = (
				F30EC0682A5D75BC0012C4AA /* ScrechKit.h in Headers */,
			);
			runOnlyForDeploymentPostprocessing = 0;
		};
/* End PBXHeadersBuildPhase section */

/* Begin PBXNativeTarget section */
		F30EC0562A5D75BC0012C4AA /* ScrechKit */ = {
			isa = PBXNativeTarget;
			buildConfigurationList = F30EC06B2A5D75BC0012C4AA /* Build configuration list for PBXNativeTarget "ScrechKit" */;
			buildPhases = (
				F30EC0522A5D75BC0012C4AA /* Headers */,
				F30EC0532A5D75BC0012C4AA /* Sources */,
				F30EC0542A5D75BC0012C4AA /* Frameworks */,
				F30EC0552A5D75BC0012C4AA /* Resources */,
			);
			buildRules = (
			);
			dependencies = (
			);
			name = ScrechKit;
			productName = ScrechKit;
			productReference = F30EC0572A5D75BC0012C4AA /* ScrechKit.framework */;
			productType = "com.apple.product-type.framework";
		};
		F30EC0602A5D75BC0012C4AA /* ScrechKitTests */ = {
			isa = PBXNativeTarget;
			buildConfigurationList = F30EC06E2A5D75BC0012C4AA /* Build configuration list for PBXNativeTarget "ScrechKitTests" */;
			buildPhases = (
				F30EC05D2A5D75BC0012C4AA /* Sources */,
				F30EC05E2A5D75BC0012C4AA /* Frameworks */,
				F30EC05F2A5D75BC0012C4AA /* Resources */,
			);
			buildRules = (
			);
			dependencies = (
				F30EC0642A5D75BC0012C4AA /* PBXTargetDependency */,
			);
			name = ScrechKitTests;
			productName = ScrechKitTests;
			productReference = F30EC0612A5D75BC0012C4AA /* ScrechKitTests.xctest */;
			productType = "com.apple.product-type.bundle.unit-test";
		};
/* End PBXNativeTarget section */

/* Begin PBXProject section */
		F30EC04E2A5D75BC0012C4AA /* Project object */ = {
			isa = PBXProject;
			attributes = {
				BuildIndependentTargetsInParallel = 1;
				LastSwiftUpdateCheck = 1500;
				LastUpgradeCheck = 1500;
				TargetAttributes = {
					F30EC0562A5D75BC0012C4AA = {
						CreatedOnToolsVersion = 15.0;
					};
					F30EC0602A5D75BC0012C4AA = {
						CreatedOnToolsVersion = 15.0;
					};
				};
			};
			buildConfigurationList = F30EC0512A5D75BC0012C4AA /* Build configuration list for PBXProject "ScrechKit" */;
			compatibilityVersion = "Xcode 14.0";
			developmentRegion = en;
			hasScannedForEncodings = 0;
			knownRegions = (
				en,
				Base,
			);
			mainGroup = F30EC04D2A5D75BC0012C4AA;
			productRefGroup = F30EC0582A5D75BC0012C4AA /* Products */;
			projectDirPath = "";
			projectRoot = "";
			targets = (
				F30EC0562A5D75BC0012C4AA /* ScrechKit */,
				F30EC0602A5D75BC0012C4AA /* ScrechKitTests */,
			);
		};
/* End PBXProject section */

/* Begin PBXResourcesBuildPhase section */
		F30EC0552A5D75BC0012C4AA /* Resources */ = {
			isa = PBXResourcesBuildPhase;
			buildActionMask = 2147483647;
			files = (
			);
			runOnlyForDeploymentPostprocessing = 0;
		};
		F30EC05F2A5D75BC0012C4AA /* Resources */ = {
			isa = PBXResourcesBuildPhase;
			buildActionMask = 2147483647;
			files = (
			);
			runOnlyForDeploymentPostprocessing = 0;
		};
/* End PBXResourcesBuildPhase section */

/* Begin PBXSourcesBuildPhase section */
		F30EC0532A5D75BC0012C4AA /* Sources */ = {
			isa = PBXSourcesBuildPhase;
			buildActionMask = 2147483647;
			files = (
				F30FDA6B2A5D8687006867F7 /* Tightening.swift in Sources */,
				F30FDA8E2A5D86AB006867F7 /* Camera Picker.swift in Sources */,
				F30FDA6E2A5D8687006867F7 /* Fonts.swift in Sources */,
				F30FDA902A5D86AB006867F7 /* ListButton.swift in Sources */,
				F30FDA9D2A5D86AB006867F7 /* Redacted.swift in Sources */,
				F30FDA9C2A5D86AB006867F7 /* formatDate.swift in Sources */,
				F30FDAA82A5D86AB006867F7 /* SFButton.swift in Sources */,
				F30FDAA62A5D86AB006867F7 /* asUIImage.swift in Sources */,
				F30FDA6C2A5D8687006867F7 /* Font Size.swift in Sources */,
				F30FDAA12A5D86AB006867F7 /* PulseButton.swift in Sources */,
				F30FDA8F2A5D86AB006867F7 /* formatBytes.swift in Sources */,
				F30FDAA92A5D86AB006867F7 /* Matched Effect.swift in Sources */,
				F30EC05C2A5D75BC0012C4AA /* ScrechKit.docc in Sources */,
				F30FDAA52A5D86AB006867F7 /* Sheet.swift in Sources */,
				F30FDAA42A5D86AB006867F7 /* Image Picker.swift in Sources */,
				F30FDAA32A5D86AB006867F7 /* ListParameter.swift in Sources */,
				F30FDA912A5D86AB006867F7 /* Shapes.swift in Sources */,
				F30FDA9B2A5D86AB006867F7 /* Color.swift in Sources */,
				F30FDA9E2A5D86AB006867F7 /* getMimeType.swift in Sources */,
				F30FDAA22A5D86AB006867F7 /* Scheme.swift in Sources */,
				F30FDA6D2A5D8687006867F7 /* Font Weight.swift in Sources */,
				F30FDAAA2A5D86AB006867F7 /* Dispatch.swift in Sources */,
				F30FDAA02A5D86AB006867F7 /* Percent Encoding.swift in Sources */,
				F30FDA9F2A5D86AB006867F7 /* ListLink.swift in Sources */,
				F30FDAA72A5D86AB006867F7 /* MenuButton.swift in Sources */,
				F30FDA6F2A5D8687006867F7 /* Font Design.swift in Sources */,
			);
			runOnlyForDeploymentPostprocessing = 0;
		};
		F30EC05D2A5D75BC0012C4AA /* Sources */ = {
			isa = PBXSourcesBuildPhase;
			buildActionMask = 2147483647;
			files = (
				F30EC0672A5D75BC0012C4AA /* ScrechKitTests.swift in Sources */,
			);
			runOnlyForDeploymentPostprocessing = 0;
		};
/* End PBXSourcesBuildPhase section */

/* Begin PBXTargetDependency section */
		F30EC0642A5D75BC0012C4AA /* PBXTargetDependency */ = {
			isa = PBXTargetDependency;
			target = F30EC0562A5D75BC0012C4AA /* ScrechKit */;
			targetProxy = F30EC0632A5D75BC0012C4AA /* PBXContainerItemProxy */;
		};
/* End PBXTargetDependency section */

/* Begin XCBuildConfiguration section */
		F30EC0692A5D75BC0012C4AA /* Debug */ = {
			isa = XCBuildConfiguration;
			buildSettings = {
				ALWAYS_SEARCH_USER_PATHS = NO;
				ASSETCATALOG_COMPILER_GENERATE_SWIFT_ASSET_SYMBOL_EXTENSIONS = YES;
				CLANG_ANALYZER_NONNULL = YES;
				CLANG_ANALYZER_NUMBER_OBJECT_CONVERSION = YES_AGGRESSIVE;
				CLANG_CXX_LANGUAGE_STANDARD = "gnu++20";
				CLANG_ENABLE_MODULES = YES;
				CLANG_ENABLE_OBJC_ARC = YES;
				CLANG_ENABLE_OBJC_WEAK = YES;
				CLANG_WARN_BLOCK_CAPTURE_AUTORELEASING = YES;
				CLANG_WARN_BOOL_CONVERSION = YES;
				CLANG_WARN_COMMA = YES;
				CLANG_WARN_CONSTANT_CONVERSION = YES;
				CLANG_WARN_DEPRECATED_OBJC_IMPLEMENTATIONS = YES;
				CLANG_WARN_DIRECT_OBJC_ISA_USAGE = YES_ERROR;
				CLANG_WARN_DOCUMENTATION_COMMENTS = YES;
				CLANG_WARN_EMPTY_BODY = YES;
				CLANG_WARN_ENUM_CONVERSION = YES;
				CLANG_WARN_INFINITE_RECURSION = YES;
				CLANG_WARN_INT_CONVERSION = YES;
				CLANG_WARN_NON_LITERAL_NULL_CONVERSION = YES;
				CLANG_WARN_OBJC_IMPLICIT_RETAIN_SELF = YES;
				CLANG_WARN_OBJC_LITERAL_CONVERSION = YES;
				CLANG_WARN_OBJC_ROOT_CLASS = YES_ERROR;
				CLANG_WARN_QUOTED_INCLUDE_IN_FRAMEWORK_HEADER = YES;
				CLANG_WARN_RANGE_LOOP_ANALYSIS = YES;
				CLANG_WARN_STRICT_PROTOTYPES = YES;
				CLANG_WARN_SUSPICIOUS_MOVE = YES;
				CLANG_WARN_UNGUARDED_AVAILABILITY = YES_AGGRESSIVE;
				CLANG_WARN_UNREACHABLE_CODE = YES;
				CLANG_WARN__DUPLICATE_METHOD_MATCH = YES;
				COPY_PHASE_STRIP = NO;
				CURRENT_PROJECT_VERSION = 1;
				DEBUG_INFORMATION_FORMAT = dwarf;
				ENABLE_STRICT_OBJC_MSGSEND = YES;
				ENABLE_TESTABILITY = YES;
				ENABLE_USER_SCRIPT_SANDBOXING = YES;
				GCC_C_LANGUAGE_STANDARD = gnu17;
				GCC_DYNAMIC_NO_PIC = NO;
				GCC_NO_COMMON_BLOCKS = YES;
				GCC_OPTIMIZATION_LEVEL = 0;
				GCC_PREPROCESSOR_DEFINITIONS = (
					"DEBUG=1",
					"$(inherited)",
				);
				GCC_WARN_64_TO_32_BIT_CONVERSION = YES;
				GCC_WARN_ABOUT_RETURN_TYPE = YES_ERROR;
				GCC_WARN_UNDECLARED_SELECTOR = YES;
				GCC_WARN_UNINITIALIZED_AUTOS = YES_AGGRESSIVE;
				GCC_WARN_UNUSED_FUNCTION = YES;
				GCC_WARN_UNUSED_VARIABLE = YES;
				LOCALIZATION_PREFERS_STRING_CATALOGS = YES;
				MTL_ENABLE_DEBUG_INFO = INCLUDE_SOURCE;
				MTL_FAST_MATH = YES;
				ONLY_ACTIVE_ARCH = YES;
				SWIFT_ACTIVE_COMPILATION_CONDITIONS = "DEBUG $(inherited)";
				SWIFT_OPTIMIZATION_LEVEL = "-Onone";
				VERSIONING_SYSTEM = "apple-generic";
				VERSION_INFO_PREFIX = "";
			};
			name = Debug;
		};
		F30EC06A2A5D75BC0012C4AA /* Release */ = {
			isa = XCBuildConfiguration;
			buildSettings = {
				ALWAYS_SEARCH_USER_PATHS = NO;
				ASSETCATALOG_COMPILER_GENERATE_SWIFT_ASSET_SYMBOL_EXTENSIONS = YES;
				CLANG_ANALYZER_NONNULL = YES;
				CLANG_ANALYZER_NUMBER_OBJECT_CONVERSION = YES_AGGRESSIVE;
				CLANG_CXX_LANGUAGE_STANDARD = "gnu++20";
				CLANG_ENABLE_MODULES = YES;
				CLANG_ENABLE_OBJC_ARC = YES;
				CLANG_ENABLE_OBJC_WEAK = YES;
				CLANG_WARN_BLOCK_CAPTURE_AUTORELEASING = YES;
				CLANG_WARN_BOOL_CONVERSION = YES;
				CLANG_WARN_COMMA = YES;
				CLANG_WARN_CONSTANT_CONVERSION = YES;
				CLANG_WARN_DEPRECATED_OBJC_IMPLEMENTATIONS = YES;
				CLANG_WARN_DIRECT_OBJC_ISA_USAGE = YES_ERROR;
				CLANG_WARN_DOCUMENTATION_COMMENTS = YES;
				CLANG_WARN_EMPTY_BODY = YES;
				CLANG_WARN_ENUM_CONVERSION = YES;
				CLANG_WARN_INFINITE_RECURSION = YES;
				CLANG_WARN_INT_CONVERSION = YES;
				CLANG_WARN_NON_LITERAL_NULL_CONVERSION = YES;
				CLANG_WARN_OBJC_IMPLICIT_RETAIN_SELF = YES;
				CLANG_WARN_OBJC_LITERAL_CONVERSION = YES;
				CLANG_WARN_OBJC_ROOT_CLASS = YES_ERROR;
				CLANG_WARN_QUOTED_INCLUDE_IN_FRAMEWORK_HEADER = YES;
				CLANG_WARN_RANGE_LOOP_ANALYSIS = YES;
				CLANG_WARN_STRICT_PROTOTYPES = YES;
				CLANG_WARN_SUSPICIOUS_MOVE = YES;
				CLANG_WARN_UNGUARDED_AVAILABILITY = YES_AGGRESSIVE;
				CLANG_WARN_UNREACHABLE_CODE = YES;
				CLANG_WARN__DUPLICATE_METHOD_MATCH = YES;
				COPY_PHASE_STRIP = NO;
				CURRENT_PROJECT_VERSION = 1;
				DEBUG_INFORMATION_FORMAT = "dwarf-with-dsym";
				ENABLE_NS_ASSERTIONS = NO;
				ENABLE_STRICT_OBJC_MSGSEND = YES;
				ENABLE_USER_SCRIPT_SANDBOXING = YES;
				GCC_C_LANGUAGE_STANDARD = gnu17;
				GCC_NO_COMMON_BLOCKS = YES;
				GCC_WARN_64_TO_32_BIT_CONVERSION = YES;
				GCC_WARN_ABOUT_RETURN_TYPE = YES_ERROR;
				GCC_WARN_UNDECLARED_SELECTOR = YES;
				GCC_WARN_UNINITIALIZED_AUTOS = YES_AGGRESSIVE;
				GCC_WARN_UNUSED_FUNCTION = YES;
				GCC_WARN_UNUSED_VARIABLE = YES;
				LOCALIZATION_PREFERS_STRING_CATALOGS = YES;
				MTL_ENABLE_DEBUG_INFO = NO;
				MTL_FAST_MATH = YES;
				SWIFT_COMPILATION_MODE = wholemodule;
				VERSIONING_SYSTEM = "apple-generic";
				VERSION_INFO_PREFIX = "";
			};
			name = Release;
		};
		F30EC06C2A5D75BC0012C4AA /* Debug */ = {
			isa = XCBuildConfiguration;
			buildSettings = {
				CODE_SIGN_STYLE = Automatic;
				CURRENT_PROJECT_VERSION = 1;
				DEFINES_MODULE = YES;
				DEVELOPMENT_TEAM = 8FQUA2F388;
				DYLIB_COMPATIBILITY_VERSION = 1;
				DYLIB_CURRENT_VERSION = 1;
				DYLIB_INSTALL_NAME_BASE = "@rpath";
				ENABLE_MODULE_VERIFIER = YES;
				GENERATE_INFOPLIST_FILE = YES;
				INFOPLIST_KEY_NSHumanReadableCopyright = "";
				INSTALL_PATH = "$(LOCAL_LIBRARY_DIR)/Frameworks";
				IPHONEOS_DEPLOYMENT_TARGET = 17.0;
				LD_RUNPATH_SEARCH_PATHS = (
					"@executable_path/Frameworks",
					"@loader_path/Frameworks",
				);
				"LD_RUNPATH_SEARCH_PATHS[sdk=macosx*]" = (
					"@executable_path/../Frameworks",
					"@loader_path/Frameworks",
				);
				MACOSX_DEPLOYMENT_TARGET = 14.0;
				MARKETING_VERSION = 1.0;
				MODULE_VERIFIER_SUPPORTED_LANGUAGES = "objective-c objective-c++";
				MODULE_VERIFIER_SUPPORTED_LANGUAGE_STANDARDS = "gnu17 gnu++20";
				PRODUCT_BUNDLE_IDENTIFIER = dev.topscrech.ScrechKit;
				PRODUCT_NAME = "$(TARGET_NAME:c99extidentifier)";
				SDKROOT = auto;
				SKIP_INSTALL = YES;
				SUPPORTED_PLATFORMS = "appletvos appletvsimulator iphoneos iphonesimulator macosx watchos watchsimulator xros xrsimulator";
				SUPPORTS_MACCATALYST = NO;
				SWIFT_EMIT_LOC_STRINGS = YES;
				SWIFT_VERSION = 5.0;
				TARGETED_DEVICE_FAMILY = "1,2,3,4,7";
			};
			name = Debug;
		};
		F30EC06D2A5D75BC0012C4AA /* Release */ = {
			isa = XCBuildConfiguration;
			buildSettings = {
				CODE_SIGN_STYLE = Automatic;
				CURRENT_PROJECT_VERSION = 1;
				DEFINES_MODULE = YES;
				DEVELOPMENT_TEAM = 8FQUA2F388;
				DYLIB_COMPATIBILITY_VERSION = 1;
				DYLIB_CURRENT_VERSION = 1;
				DYLIB_INSTALL_NAME_BASE = "@rpath";
				ENABLE_MODULE_VERIFIER = YES;
				GENERATE_INFOPLIST_FILE = YES;
				INFOPLIST_KEY_NSHumanReadableCopyright = "";
				INSTALL_PATH = "$(LOCAL_LIBRARY_DIR)/Frameworks";
				IPHONEOS_DEPLOYMENT_TARGET = 17.0;
				LD_RUNPATH_SEARCH_PATHS = (
					"@executable_path/Frameworks",
					"@loader_path/Frameworks",
				);
				"LD_RUNPATH_SEARCH_PATHS[sdk=macosx*]" = (
					"@executable_path/../Frameworks",
					"@loader_path/Frameworks",
				);
				MACOSX_DEPLOYMENT_TARGET = 14.0;
				MARKETING_VERSION = 1.0;
				MODULE_VERIFIER_SUPPORTED_LANGUAGES = "objective-c objective-c++";
				MODULE_VERIFIER_SUPPORTED_LANGUAGE_STANDARDS = "gnu17 gnu++20";
				PRODUCT_BUNDLE_IDENTIFIER = dev.topscrech.ScrechKit;
				PRODUCT_NAME = "$(TARGET_NAME:c99extidentifier)";
				SDKROOT = auto;
				SKIP_INSTALL = YES;
				SUPPORTED_PLATFORMS = "appletvos appletvsimulator iphoneos iphonesimulator macosx watchos watchsimulator xros xrsimulator";
				SUPPORTS_MACCATALYST = NO;
				SWIFT_EMIT_LOC_STRINGS = YES;
				SWIFT_VERSION = 5.0;
				TARGETED_DEVICE_FAMILY = "1,2,3,4,7";
			};
			name = Release;
		};
		F30EC06F2A5D75BC0012C4AA /* Debug */ = {
			isa = XCBuildConfiguration;
			buildSettings = {
				ALWAYS_EMBED_SWIFT_STANDARD_LIBRARIES = YES;
				CODE_SIGN_STYLE = Automatic;
				CURRENT_PROJECT_VERSION = 1;
				DEVELOPMENT_TEAM = 8FQUA2F388;
				GENERATE_INFOPLIST_FILE = YES;
				IPHONEOS_DEPLOYMENT_TARGET = 17.0;
				MACOSX_DEPLOYMENT_TARGET = 14.0;
				MARKETING_VERSION = 1.0;
				PRODUCT_BUNDLE_IDENTIFIER = dev.topscrech.ScrechKitTests;
				PRODUCT_NAME = "$(TARGET_NAME)";
				SDKROOT = auto;
				SUPPORTED_PLATFORMS = "iphoneos iphonesimulator macosx";
				SWIFT_EMIT_LOC_STRINGS = NO;
				SWIFT_VERSION = 5.0;
				TARGETED_DEVICE_FAMILY = "1,2";
			};
			name = Debug;
		};
		F30EC0702A5D75BC0012C4AA /* Release */ = {
			isa = XCBuildConfiguration;
			buildSettings = {
				ALWAYS_EMBED_SWIFT_STANDARD_LIBRARIES = YES;
				CODE_SIGN_STYLE = Automatic;
				CURRENT_PROJECT_VERSION = 1;
				DEVELOPMENT_TEAM = 8FQUA2F388;
				GENERATE_INFOPLIST_FILE = YES;
				IPHONEOS_DEPLOYMENT_TARGET = 17.0;
				MACOSX_DEPLOYMENT_TARGET = 14.0;
				MARKETING_VERSION = 1.0;
				PRODUCT_BUNDLE_IDENTIFIER = dev.topscrech.ScrechKitTests;
				PRODUCT_NAME = "$(TARGET_NAME)";
				SDKROOT = auto;
				SUPPORTED_PLATFORMS = "iphoneos iphonesimulator macosx";
				SWIFT_EMIT_LOC_STRINGS = NO;
				SWIFT_VERSION = 5.0;
				TARGETED_DEVICE_FAMILY = "1,2";
			};
			name = Release;
		};
/* End XCBuildConfiguration section */

/* Begin XCConfigurationList section */
		F30EC0512A5D75BC0012C4AA /* Build configuration list for PBXProject "ScrechKit" */ = {
			isa = XCConfigurationList;
			buildConfigurations = (
				F30EC0692A5D75BC0012C4AA /* Debug */,
				F30EC06A2A5D75BC0012C4AA /* Release */,
			);
			defaultConfigurationIsVisible = 0;
			defaultConfigurationName = Release;
		};
		F30EC06B2A5D75BC0012C4AA /* Build configuration list for PBXNativeTarget "ScrechKit" */ = {
			isa = XCConfigurationList;
			buildConfigurations = (
				F30EC06C2A5D75BC0012C4AA /* Debug */,
				F30EC06D2A5D75BC0012C4AA /* Release */,
			);
			defaultConfigurationIsVisible = 0;
			defaultConfigurationName = Release;
		};
		F30EC06E2A5D75BC0012C4AA /* Build configuration list for PBXNativeTarget "ScrechKitTests" */ = {
			isa = XCConfigurationList;
			buildConfigurations = (
				F30EC06F2A5D75BC0012C4AA /* Debug */,
				F30EC0702A5D75BC0012C4AA /* Release */,
			);
			defaultConfigurationIsVisible = 0;
			defaultConfigurationName = Release;
		};
/* End XCConfigurationList section */
	};
	rootObject = F30EC04E2A5D75BC0012C4AA /* Project object */;
}
